// !$*UTF8*$!
{
	archiveVersion = 1;
	classes = {
	};
	objectVersion = 46;
	objects = {

/* Begin PBXBuildFile section */
		D39F561F1DFE92430002D65C /* main.m in Sources */ = {isa = PBXBuildFile; fileRef = D39F561E1DFE92430002D65C /* main.m */; };
		D39F56221DFE92430002D65C /* AppDelegate.m in Sources */ = {isa = PBXBuildFile; fileRef = D39F56211DFE92430002D65C /* AppDelegate.m */; };
		D39F56251DFE92430002D65C /* ViewController.m in Sources */ = {isa = PBXBuildFile; fileRef = D39F56241DFE92430002D65C /* ViewController.m */; };
		D39F56281DFE92430002D65C /* Main.storyboard in Resources */ = {isa = PBXBuildFile; fileRef = D39F56261DFE92430002D65C /* Main.storyboard */; };
		D39F562A1DFE92430002D65C /* Assets.xcassets in Resources */ = {isa = PBXBuildFile; fileRef = D39F56291DFE92430002D65C /* Assets.xcassets */; };
		D39F562D1DFE92430002D65C /* LaunchScreen.storyboard in Resources */ = {isa = PBXBuildFile; fileRef = D39F562B1DFE92430002D65C /* LaunchScreen.storyboard */; };
		D39F56381DFE92440002D65C /* ColorViewTests.m in Sources */ = {isa = PBXBuildFile; fileRef = D39F56371DFE92440002D65C /* ColorViewTests.m */; };
		D39F56441DFEA0240002D65C /* KGradientView.m in Sources */ = {isa = PBXBuildFile; fileRef = D39F56431DFEA0240002D65C /* KGradientView.m */; };
/* End PBXBuildFile section */

/* Begin PBXContainerItemProxy section */
		D39F56341DFE92440002D65C /* PBXContainerItemProxy */ = {
			isa = PBXContainerItemProxy;
			containerPortal = D39F56121DFE92430002D65C /* Project object */;
			proxyType = 1;
			remoteGlobalIDString = D39F56191DFE92430002D65C;
			remoteInfo = ColorView;
		};
/* End PBXContainerItemProxy section */

/* Begin PBXFileReference section */
		D39F561A1DFE92430002D65C /* ColorView.app */ = {isa = PBXFileReference; explicitFileType = wrapper.application; includeInIndex = 0; path = ColorView.app; sourceTree = BUILT_PRODUCTS_DIR; };
		D39F561E1DFE92430002D65C /* main.m */ = {isa = PBXFileReference; lastKnownFileType = sourcecode.c.objc; path = main.m; sourceTree = "<group>"; };
		D39F56201DFE92430002D65C /* AppDelegate.h */ = {isa = PBXFileReference; lastKnownFileType = sourcecode.c.h; path = AppDelegate.h; sourceTree = "<group>"; };
		D39F56211DFE92430002D65C /* AppDelegate.m */ = {isa = PBXFileReference; lastKnownFileType = sourcecode.c.objc; path = AppDelegate.m; sourceTree = "<group>"; };
		D39F56231DFE92430002D65C /* ViewController.h */ = {isa = PBXFileReference; lastKnownFileType = sourcecode.c.h; path = ViewController.h; sourceTree = "<group>"; };
		D39F56241DFE92430002D65C /* ViewController.m */ = {isa = PBXFileReference; lastKnownFileType = sourcecode.c.objc; path = ViewController.m; sourceTree = "<group>"; };
		D39F56271DFE92430002D65C /* Base */ = {isa = PBXFileReference; lastKnownFileType = file.storyboard; name = Base; path = Base.lproj/Main.storyboard; sourceTree = "<group>"; };
		D39F56291DFE92430002D65C /* Assets.xcassets */ = {isa = PBXFileReference; lastKnownFileType = folder.assetcatalog; path = Assets.xcassets; sourceTree = "<group>"; };
		D39F562C1DFE92430002D65C /* Base */ = {isa = PBXFileReference; lastKnownFileType = file.storyboard; name = Base; path = Base.lproj/LaunchScreen.storyboard; sourceTree = "<group>"; };
		D39F562E1DFE92430002D65C /* Info.plist */ = {isa = PBXFileReference; lastKnownFileType = text.plist.xml; path = Info.plist; sourceTree = "<group>"; };
		D39F56331DFE92440002D65C /* ColorViewTests.xctest */ = {isa = PBXFileReference; explicitFileType = wrapper.cfbundle; includeInIndex = 0; path = ColorViewTests.xctest; sourceTree = BUILT_PRODUCTS_DIR; };
		D39F56371DFE92440002D65C /* ColorViewTests.m */ = {isa = PBXFileReference; lastKnownFileType = sourcecode.c.objc; path = ColorViewTests.m; sourceTree = "<group>"; };
		D39F56391DFE92440002D65C /* Info.plist */ = {isa = PBXFileReference; lastKnownFileType = text.plist.xml; path = Info.plist; sourceTree = "<group>"; };
		D39F56421DFEA0240002D65C /* KGradientView.h */ = {isa = PBXFileReference; fileEncoding = 4; lastKnownFileType = sourcecode.c.h; path = KGradientView.h; sourceTree = "<group>"; };
		D39F56431DFEA0240002D65C /* KGradientView.m */ = {isa = PBXFileReference; fileEncoding = 4; lastKnownFileType = sourcecode.c.objc; path = KGradientView.m; sourceTree = "<group>"; };
/* End PBXFileReference section */

/* Begin PBXFrameworksBuildPhase section */
		D39F56171DFE92430002D65C /* Frameworks */ = {
			isa = PBXFrameworksBuildPhase;
			buildActionMask = 2147483647;
			files = (
			);
			runOnlyForDeploymentPostprocessing = 0;
		};
		D39F56301DFE92440002D65C /* Frameworks */ = {
			isa = PBXFrameworksBuildPhase;
			buildActionMask = 2147483647;
			files = (
			);
			runOnlyForDeploymentPostprocessing = 0;
		};
/* End PBXFrameworksBuildPhase section */

/* Begin PBXGroup section */
		D39F56111DFE92430002D65C = {
			isa = PBXGroup;
			children = (
				D39F561C1DFE92430002D65C /* ColorView */,
				D39F56361DFE92440002D65C /* ColorViewTests */,
				D39F561B1DFE92430002D65C /* Products */,
			);
			sourceTree = "<group>";
		};
		D39F561B1DFE92430002D65C /* Products */ = {
			isa = PBXGroup;
			children = (
				D39F561A1DFE92430002D65C /* ColorView.app */,
				D39F56331DFE92440002D65C /* ColorViewTests.xctest */,
			);
			name = Products;
			sourceTree = "<group>";
		};
		D39F561C1DFE92430002D65C /* ColorView */ = {
			isa = PBXGroup;
			children = (
				D39F56201DFE92430002D65C /* AppDelegate.h */,
				D39F56211DFE92430002D65C /* AppDelegate.m */,
				D39F56231DFE92430002D65C /* ViewController.h */,
				D39F56241DFE92430002D65C /* ViewController.m */,
				D39F56261DFE92430002D65C /* Main.storyboard */,
				D39F56291DFE92430002D65C /* Assets.xcassets */,
				D39F562B1DFE92430002D65C /* LaunchScreen.storyboard */,
				D39F562E1DFE92430002D65C /* Info.plist */,
				D39F561D1DFE92430002D65C /* Supporting Files */,
				D39F56421DFEA0240002D65C /* KGradientView.h */,
				D39F56431DFEA0240002D65C /* KGradientView.m */,
			);
			path = ColorView;
			sourceTree = "<group>";
		};
		D39F561D1DFE92430002D65C /* Supporting Files */ = {
			isa = PBXGroup;
			children = (
				D39F561E1DFE92430002D65C /* main.m */,
			);
			name = "Supporting Files";
			sourceTree = "<group>";
		};
		D39F56361DFE92440002D65C /* ColorViewTests */ = {
			isa = PBXGroup;
			children = (
				D39F56371DFE92440002D65C /* ColorViewTests.m */,
				D39F56391DFE92440002D65C /* Info.plist */,
			);
			path = ColorViewTests;
			sourceTree = "<group>";
		};
/* End PBXGroup section */

/* Begin PBXNativeTarget section */
		D39F56191DFE92430002D65C /* ColorView */ = {
			isa = PBXNativeTarget;
			buildConfigurationList = D39F563C1DFE92440002D65C /* Build configuration list for PBXNativeTarget "ColorView" */;
			buildPhases = (
				D39F56161DFE92430002D65C /* Sources */,
				D39F56171DFE92430002D65C /* Frameworks */,
				D39F56181DFE92430002D65C /* Resources */,
			);
			buildRules = (
			);
			dependencies = (
			);
			name = ColorView;
			productName = ColorView;
			productReference = D39F561A1DFE92430002D65C /* ColorView.app */;
			productType = "com.apple.product-type.application";
		};
		D39F56321DFE92440002D65C /* ColorViewTests */ = {
			isa = PBXNativeTarget;
			buildConfigurationList = D39F563F1DFE92440002D65C /* Build configuration list for PBXNativeTarget "ColorViewTests" */;
			buildPhases = (
				D39F562F1DFE92440002D65C /* Sources */,
				D39F56301DFE92440002D65C /* Frameworks */,
				D39F56311DFE92440002D65C /* Resources */,
			);
			buildRules = (
			);
			dependencies = (
				D39F56351DFE92440002D65C /* PBXTargetDependency */,
			);
			name = ColorViewTests;
			productName = ColorViewTests;
			productReference = D39F56331DFE92440002D65C /* ColorViewTests.xctest */;
			productType = "com.apple.product-type.bundle.unit-test";
		};
/* End PBXNativeTarget section */

/* Begin PBXProject section */
		D39F56121DFE92430002D65C /* Project object */ = {
			isa = PBXProject;
			attributes = {
				LastUpgradeCheck = 0730;
				ORGANIZATIONNAME = kong;
				TargetAttributes = {
					D39F56191DFE92430002D65C = {
						CreatedOnToolsVersion = 7.3.1;
					};
					D39F56321DFE92440002D65C = {
						CreatedOnToolsVersion = 7.3.1;
						TestTargetID = D39F56191DFE92430002D65C;
					};
				};
			};
			buildConfigurationList = D39F56151DFE92430002D65C /* Build configuration list for PBXProject "ColorView" */;
			compatibilityVersion = "Xcode 3.2";
			developmentRegion = English;
			hasScannedForEncodings = 0;
			knownRegions = (
				en,
				Base,
			);
			mainGroup = D39F56111DFE92430002D65C;
			productRefGroup = D39F561B1DFE92430002D65C /* Products */;
			projectDirPath = "";
			projectRoot = "";
			targets = (
				D39F56191DFE92430002D65C /* ColorView */,
				D39F56321DFE92440002D65C /* ColorViewTests */,
			);
		};
/* End PBXProject section */

/* Begin PBXResourcesBuildPhase section */
		D39F56181DFE92430002D65C /* Resources */ = {
			isa = PBXResourcesBuildPhase;
			buildActionMask = 2147483647;
			files = (
				D39F562D1DFE92430002D65C /* LaunchScreen.storyboard in Resources */,
				D39F562A1DFE92430002D65C /* Assets.xcassets in Resources */,
				D39F56281DFE92430002D65C /* Main.storyboard in Resources */,
			);
			runOnlyForDeploymentPostprocessing = 0;
		};
		D39F56311DFE92440002D65C /* Resources */ = {
			isa = PBXResourcesBuildPhase;
			buildActionMask = 2147483647;
			files = (
			);
			runOnlyForDeploymentPostprocessing = 0;
		};
/* End PBXResourcesBuildPhase section */

/* Begin PBXSourcesBuildPhase section */
		D39F56161DFE92430002D65C /* Sources */ = {
			isa = PBXSourcesBuildPhase;
			buildActionMask = 2147483647;
			files = (
				D39F56251DFE92430002D65C /* ViewController.m in Sources */,
				D39F56221DFE92430002D65C /* AppDelegate.m in Sources */,
				D39F56441DFEA0240002D65C /* KGradientView.m in Sources */,
				D39F561F1DFE92430002D65C /* main.m in Sources */,
			);
			runOnlyForDeploymentPostprocessing = 0;
		};
		D39F562F1DFE92440002D65C /* Sources */ = {
			isa = PBXSourcesBuildPhase;
			buildActionMask = 2147483647;
			files = (
				D39F56381DFE92440002D65C /* ColorViewTests.m in Sources */,
			);
			runOnlyForDeploymentPostprocessing = 0;
		};
/* End PBXSourcesBuildPhase section */

/* Begin PBXTargetDependency section */
		D39F56351DFE92440002D65C /* PBXTargetDependency */ = {
			isa = PBXTargetDependency;
			target = D39F56191DFE92430002D65C /* ColorView */;
			targetProxy = D39F56341DFE92440002D65C /* PBXContainerItemProxy */;
		};
/* End PBXTargetDependency section */

/* Begin PBXVariantGroup section */
		D39F56261DFE92430002D65C /* Main.storyboard */ = {
			isa = PBXVariantGroup;
			children = (
				D39F56271DFE92430002D65C /* Base */,
			);
			name = Main.storyboard;
			sourceTree = "<group>";
		};
		D39F562B1DFE92430002D65C /* LaunchScreen.storyboard */ = {
			isa = PBXVariantGroup;
			children = (
				D39F562C1DFE92430002D65C /* Base */,
			);
			name = LaunchScreen.storyboard;
			sourceTree = "<group>";
		};
/* End PBXVariantGroup section */

/* Begin XCBuildConfiguration section */
		D39F563A1DFE92440002D65C /* Debug */ = {
			isa = XCBuildConfiguration;
			buildSettings = {
				ALWAYS_SEARCH_USER_PATHS = NO;
				CLANG_ANALYZER_NONNULL = YES;
				CLANG_CXX_LANGUAGE_STANDARD = "gnu++0x";
				CLANG_CXX_LIBRARY = "libc++";
				CLANG_ENABLE_MODULES = YES;
				CLANG_ENABLE_OBJC_ARC = YES;
				CLANG_WARN_BOOL_CONVERSION = YES;
				CLANG_WARN_CONSTANT_CONVERSION = YES;
				CLANG_WARN_DIRECT_OBJC_ISA_USAGE = YES_ERROR;
				CLANG_WARN_EMPTY_BODY = YES;
				CLANG_WARN_ENUM_CONVERSION = YES;
				CLANG_WARN_INT_CONVERSION = YES;
				CLANG_WARN_OBJC_ROOT_CLASS = YES_ERROR;
				CLANG_WARN_UNREACHABLE_CODE = YES;
				CLANG_WARN__DUPLICATE_METHOD_MATCH = YES;
				"CODE_SIGN_IDENTITY[sdk=iphoneos*]" = "iPhone Developer";
				COPY_PHASE_STRIP = NO;
				DEBUG_INFORMATION_FORMAT = dwarf;
				ENABLE_STRICT_OBJC_MSGSEND = YES;
				ENABLE_TESTABILITY = YES;
				GCC_C_LANGUAGE_STANDARD = gnu99;
				GCC_DYNAMIC_NO_PIC = NO;
				GCC_NO_COMMON_BLOCKS = YES;
				GCC_OPTIMIZATION_LEVEL = 0;
				GCC_PREPROCESSOR_DEFINITIONS = (
					"DEBUG=1",
					"$(inherited)",
				);
				GCC_WARN_64_TO_32_BIT_CONVERSION = YES;
				GCC_WARN_ABOUT_RETURN_TYPE = YES_ERROR;
				GCC_WARN_UNDECLARED_SELECTOR = YES;
				GCC_WARN_UNINITIALIZED_AUTOS = YES_AGGRESSIVE;
				GCC_WARN_UNUSED_FUNCTION = YES;
				GCC_WARN_UNUSED_VARIABLE = YES;
				IPHONEOS_DEPLOYMENT_TARGET = 9.3;
				MTL_ENABLE_DEBUG_INFO = YES;
				ONLY_ACTIVE_ARCH = YES;
				SDKROOT = iphoneos;
				TARGETED_DEVICE_FAMILY = "1,2";
			};
			name = Debug;
		};
		D39F563B1DFE92440002D65C /* Release */ = {
			isa = XCBuildConfiguration;
			buildSettings = {
				ALWAYS_SEARCH_USER_PATHS = NO;
				CLANG_ANALYZER_NONNULL = YES;
				CLANG_CXX_LANGUAGE_STANDARD = "gnu++0x";
				CLANG_CXX_LIBRARY = "libc++";
				CLANG_ENABLE_MODULES = YES;
				CLANG_ENABLE_OBJC_ARC = YES;
				CLANG_WARN_BOOL_CONVERSION = YES;
				CLANG_WARN_CONSTANT_CONVERSION = YES;
				CLANG_WARN_DIRECT_OBJC_ISA_USAGE = YES_ERROR;
				CLANG_WARN_EMPTY_BODY = YES;
				CLANG_WARN_ENUM_CONVERSION = YES;
				CLANG_WARN_INT_CONVERSION = YES;
				CLANG_WARN_OBJC_ROOT_CLASS = YES_ERROR;
				CLANG_WARN_UNREACHABLE_CODE = YES;
				CLANG_WARN__DUPLICATE_METHOD_MATCH = YES;
				"CODE_SIGN_IDENTITY[sdk=iphoneos*]" = "iPhone Developer";
				COPY_PHASE_STRIP = NO;
				DEBUG_INFORMATION_FORMAT = "dwarf-with-dsym";
				ENABLE_NS_ASSERTIONS = NO;
				ENABLE_STRICT_OBJC_MSGSEND = YES;
				GCC_C_LANGUAGE_STANDARD = gnu99;
				GCC_NO_COMMON_BLOCKS = YES;
				GCC_WARN_64_TO_32_BIT_CONVERSION = YES;
				GCC_WARN_ABOUT_RETURN_TYPE = YES_ERROR;
				GCC_WARN_UNDECLARED_SELECTOR = YES;
				GCC_WARN_UNINITIALIZED_AUTOS = YES_AGGRESSIVE;
				GCC_WARN_UNUSED_FUNCTION = YES;
				GCC_WARN_UNUSED_VARIABLE = YES;
				IPHONEOS_DEPLOYMENT_TARGET = 9.3;
				MTL_ENABLE_DEBUG_INFO = NO;
				SDKROOT = iphoneos;
				TARGETED_DEVICE_FAMILY = "1,2";
				VALIDATE_PRODUCT = YES;
			};
			name = Release;
		};
		D39F563D1DFE92440002D65C /* Debug */ = {
			isa = XCBuildConfiguration;
			buildSettings = {
				ASSETCATALOG_COMPILER_APPICON_NAME = AppIcon;
				INFOPLIST_FILE = ColorView/Info.plist;
				LD_RUNPATH_SEARCH_PATHS = "$(inherited) @executable_path/Frameworks";
				PRODUCT_BUNDLE_IDENTIFIER = kong.ColorView;
				PRODUCT_NAME = "$(TARGET_NAME)";
			};
			name = Debug;
		};
		D39F563E1DFE92440002D65C /* Release */ = {
			isa = XCBuildConfiguration;
			buildSettings = {
				ASSETCATALOG_COMPILER_APPICON_NAME = AppIcon;
				INFOPLIST_FILE = ColorView/Info.plist;
				LD_RUNPATH_SEARCH_PATHS = "$(inherited) @executable_path/Frameworks";
				PRODUCT_BUNDLE_IDENTIFIER = kong.ColorView;
				PRODUCT_NAME = "$(TARGET_NAME)";
			};
			name = Release;
		};
		D39F56401DFE92440002D65C /* Debug */ = {
			isa = XCBuildConfiguration;
			buildSettings = {
				BUNDLE_LOADER = "$(TEST_HOST)";
				INFOPLIST_FILE = ColorViewTests/Info.plist;
				LD_RUNPATH_SEARCH_PATHS = "$(inherited) @executable_path/Frameworks @loader_path/Frameworks";
				PRODUCT_BUNDLE_IDENTIFIER = kong.ColorViewTests;
				PRODUCT_NAME = "$(TARGET_NAME)";
				TEST_HOST = "$(BUILT_PRODUCTS_DIR)/ColorView.app/ColorView";
			};
			name = Debug;
		};
		D39F56411DFE92440002D65C /* Release */ = {
			isa = XCBuildConfiguration;
			buildSettings = {
				BUNDLE_LOADER = "$(TEST_HOST)";
				INFOPLIST_FILE = ColorViewTests/Info.plist;
				LD_RUNPATH_SEARCH_PATHS = "$(inherited) @executable_path/Frameworks @loader_path/Frameworks";
				PRODUCT_BUNDLE_IDENTIFIER = kong.ColorViewTests;
				PRODUCT_NAME = "$(TARGET_NAME)";
				TEST_HOST = "$(BUILT_PRODUCTS_DIR)/ColorView.app/ColorView";
			};
			name = Release;
		};
/* End XCBuildConfiguration section */

/* Begin XCConfigurationList section */
		D39F56151DFE92430002D65C /* Build configuration list for PBXProject "ColorView" */ = {
			isa = XCConfigurationList;
			buildConfigurations = (
				D39F563A1DFE92440002D65C /* Debug */,
				D39F563B1DFE92440002D65C /* Release */,
			);
			defaultConfigurationIsVisible = 0;
			defaultConfigurationName = Release;
		};
		D39F563C1DFE92440002D65C /* Build configuration list for PBXNativeTarget "ColorView" */ = {
			isa = XCConfigurationList;
			buildConfigurations = (
				D39F563D1DFE92440002D65C /* Debug */,
				D39F563E1DFE92440002D65C /* Release */,
			);
			defaultConfigurationIsVisible = 0;
		};
		D39F563F1DFE92440002D65C /* Build configuration list for PBXNativeTarget "ColorViewTests" */ = {
			isa = XCConfigurationList;
			buildConfigurations = (
				D39F56401DFE92440002D65C /* Debug */,
				D39F56411DFE92440002D65C /* Release */,
			);
			defaultConfigurationIsVisible = 0;
		};
/* End XCConfigurationList section */
	};
	rootObject = D39F56121DFE92430002D65C /* Project object */;
}
